// !$*UTF8*$!
{
	archiveVersion = 1;
	classes = {
	};
	objectVersion = 50;
	objects = {

/* Begin PBXBuildFile section */
		83C3D84C2413116F00E9DA6F /* AppDelegate.swift in Sources */ = {isa = PBXBuildFile; fileRef = 83C3D84B2413116F00E9DA6F /* AppDelegate.swift */; };
		83C3D84E2413116F00E9DA6F /* SceneDelegate.swift in Sources */ = {isa = PBXBuildFile; fileRef = 83C3D84D2413116F00E9DA6F /* SceneDelegate.swift */; };
		83C3D8532413116F00E9DA6F /* Main.storyboard in Resources */ = {isa = PBXBuildFile; fileRef = 83C3D8512413116F00E9DA6F /* Main.storyboard */; };
		83C3D8562413116F00E9DA6F /* Task_Tracker.xcdatamodeld in Sources */ = {isa = PBXBuildFile; fileRef = 83C3D8542413116F00E9DA6F /* Task_Tracker.xcdatamodeld */; };
		83C3D8582413117100E9DA6F /* Assets.xcassets in Resources */ = {isa = PBXBuildFile; fileRef = 83C3D8572413117100E9DA6F /* Assets.xcassets */; };
		83C3D85B2413117100E9DA6F /* LaunchScreen.storyboard in Resources */ = {isa = PBXBuildFile; fileRef = 83C3D8592413117100E9DA6F /* LaunchScreen.storyboard */; };
		83C3D8632413136E00E9DA6F /* TableViewController.swift in Sources */ = {isa = PBXBuildFile; fileRef = 83C3D8622413136E00E9DA6F /* TableViewController.swift */; };
		83C3D8652413146A00E9DA6F /* Model.swift in Sources */ = {isa = PBXBuildFile; fileRef = 83C3D8642413146A00E9DA6F /* Model.swift */; };
/* End PBXBuildFile section */

/* Begin PBXFileReference section */
		83C3D8482413116F00E9DA6F /* Task_Tracker.app */ = {isa = PBXFileReference; explicitFileType = wrapper.application; includeInIndex = 0; path = Task_Tracker.app; sourceTree = BUILT_PRODUCTS_DIR; };
		83C3D84B2413116F00E9DA6F /* AppDelegate.swift */ = {isa = PBXFileReference; lastKnownFileType = sourcecode.swift; path = AppDelegate.swift; sourceTree = "<group>"; };
		83C3D84D2413116F00E9DA6F /* SceneDelegate.swift */ = {isa = PBXFileReference; lastKnownFileType = sourcecode.swift; path = SceneDelegate.swift; sourceTree = "<group>"; };
		83C3D8522413116F00E9DA6F /* Base */ = {isa = PBXFileReference; lastKnownFileType = file.storyboard; name = Base; path = Base.lproj/Main.storyboard; sourceTree = "<group>"; };
		83C3D8552413116F00E9DA6F /* Task_Tracker.xcdatamodel */ = {isa = PBXFileReference; lastKnownFileType = wrapper.xcdatamodel; path = Task_Tracker.xcdatamodel; sourceTree = "<group>"; };
		83C3D8572413117100E9DA6F /* Assets.xcassets */ = {isa = PBXFileReference; lastKnownFileType = folder.assetcatalog; path = Assets.xcassets; sourceTree = "<group>"; };
		83C3D85A2413117100E9DA6F /* Base */ = {isa = PBXFileReference; lastKnownFileType = file.storyboard; name = Base; path = Base.lproj/LaunchScreen.storyboard; sourceTree = "<group>"; };
		83C3D85C2413117100E9DA6F /* Info.plist */ = {isa = PBXFileReference; lastKnownFileType = text.plist.xml; path = Info.plist; sourceTree = "<group>"; };
		83C3D8622413136E00E9DA6F /* TableViewController.swift */ = {isa = PBXFileReference; lastKnownFileType = sourcecode.swift; path = TableViewController.swift; sourceTree = "<group>"; };
		83C3D8642413146A00E9DA6F /* Model.swift */ = {isa = PBXFileReference; lastKnownFileType = sourcecode.swift; path = Model.swift; sourceTree = "<group>"; };
/* End PBXFileReference section */

/* Begin PBXFrameworksBuildPhase section */
		83C3D8452413116F00E9DA6F /* Frameworks */ = {
			isa = PBXFrameworksBuildPhase;
			buildActionMask = 2147483647;
			files = (
			);
			runOnlyForDeploymentPostprocessing = 0;
		};
/* End PBXFrameworksBuildPhase section */

/* Begin PBXGroup section */
		83C3D83F2413116F00E9DA6F = {
			isa = PBXGroup;
			children = (
				83C3D84A2413116F00E9DA6F /* Task_Tracker */,
				83C3D8492413116F00E9DA6F /* Products */,
			);
			sourceTree = "<group>";
		};
		83C3D8492413116F00E9DA6F /* Products */ = {
			isa = PBXGroup;
			children = (
				83C3D8482413116F00E9DA6F /* Task_Tracker.app */,
			);
			name = Products;
			sourceTree = "<group>";
		};
		83C3D84A2413116F00E9DA6F /* Task_Tracker */ = {
			isa = PBXGroup;
			children = (
				83C3D84B2413116F00E9DA6F /* AppDelegate.swift */,
				83C3D8622413136E00E9DA6F /* TableViewController.swift */,
				83C3D84D2413116F00E9DA6F /* SceneDelegate.swift */,
				83C3D8512413116F00E9DA6F /* Main.storyboard */,
				83C3D8642413146A00E9DA6F /* Model.swift */,
				83C3D8572413117100E9DA6F /* Assets.xcassets */,
				83C3D8592413117100E9DA6F /* LaunchScreen.storyboard */,
				83C3D85C2413117100E9DA6F /* Info.plist */,
				83C3D8542413116F00E9DA6F /* Task_Tracker.xcdatamodeld */,
			);
			path = Task_Tracker;
			sourceTree = "<group>";
		};
/* End PBXGroup section */

/* Begin PBXNativeTarget section */
		83C3D8472413116F00E9DA6F /* Task_Tracker */ = {
			isa = PBXNativeTarget;
			buildConfigurationList = 83C3D85F2413117100E9DA6F /* Build configuration list for PBXNativeTarget "Task_Tracker" */;
			buildPhases = (
				83C3D8442413116F00E9DA6F /* Sources */,
				83C3D8452413116F00E9DA6F /* Frameworks */,
				83C3D8462413116F00E9DA6F /* Resources */,
			);
			buildRules = (
			);
			dependencies = (
			);
			name = Task_Tracker;
			productName = Task_Tracker;
			productReference = 83C3D8482413116F00E9DA6F /* Task_Tracker.app */;
			productType = "com.apple.product-type.application";
		};
/* End PBXNativeTarget section */

/* Begin PBXProject section */
		83C3D8402413116F00E9DA6F /* Project object */ = {
			isa = PBXProject;
			attributes = {
				LastSwiftUpdateCheck = 1130;
				LastUpgradeCheck = 1130;
				ORGANIZATIONNAME = 18177231;
				TargetAttributes = {
					83C3D8472413116F00E9DA6F = {
						CreatedOnToolsVersion = 11.3.1;
					};
				};
			};
			buildConfigurationList = 83C3D8432413116F00E9DA6F /* Build configuration list for PBXProject "Task_Tracker" */;
			compatibilityVersion = "Xcode 9.3";
			developmentRegion = en;
			hasScannedForEncodings = 0;
			knownRegions = (
				en,
				Base,
			);
			mainGroup = 83C3D83F2413116F00E9DA6F;
			productRefGroup = 83C3D8492413116F00E9DA6F /* Products */;
			projectDirPath = "";
			projectRoot = "";
			targets = (
				83C3D8472413116F00E9DA6F /* Task_Tracker */,
			);
		};
/* End PBXProject section */

/* Begin PBXResourcesBuildPhase section */
		83C3D8462413116F00E9DA6F /* Resources */ = {
			isa = PBXResourcesBuildPhase;
			buildActionMask = 2147483647;
			files = (
				83C3D85B2413117100E9DA6F /* LaunchScreen.storyboard in Resources */,
				83C3D8582413117100E9DA6F /* Assets.xcassets in Resources */,
				83C3D8532413116F00E9DA6F /* Main.storyboard in Resources */,
			);
			runOnlyForDeploymentPostprocessing = 0;
		};
/* End PBXResourcesBuildPhase section */

/* Begin PBXSourcesBuildPhase section */
		83C3D8442413116F00E9DA6F /* Sources */ = {
			isa = PBXSourcesBuildPhase;
			buildActionMask = 2147483647;
			files = (
				83C3D8652413146A00E9DA6F /* Model.swift in Sources */,
				83C3D84C2413116F00E9DA6F /* AppDelegate.swift in Sources */,
				83C3D84E2413116F00E9DA6F /* SceneDelegate.swift in Sources */,
				83C3D8562413116F00E9DA6F /* Task_Tracker.xcdatamodeld in Sources */,
				83C3D8632413136E00E9DA6F /* TableViewController.swift in Sources */,
			);
			runOnlyForDeploymentPostprocessing = 0;
		};
/* End PBXSourcesBuildPhase section */

/* Begin PBXVariantGroup section */
		83C3D8512413116F00E9DA6F /* Main.storyboard */ = {
			isa = PBXVariantGroup;
			children = (
				83C3D8522413116F00E9DA6F /* Base */,
			);
			name = Main.storyboard;
			sourceTree = "<group>";
		};
		83C3D8592413117100E9DA6F /* LaunchScreen.storyboard */ = {
			isa = PBXVariantGroup;
			children = (
				83C3D85A2413117100E9DA6F /* Base */,
			);
			name = LaunchScreen.storyboard;
			sourceTree = "<group>";
		};
/* End PBXVariantGroup section */

/* Begin XCBuildConfiguration section */
		83C3D85D2413117100E9DA6F /* Debug */ = {
			isa = XCBuildConfiguration;
			buildSettings = {
				ALWAYS_SEARCH_USER_PATHS = NO;
				CLANG_ANALYZER_NONNULL = YES;
				CLANG_ANALYZER_NUMBER_OBJECT_CONVERSION = YES_AGGRESSIVE;
				CLANG_CXX_LANGUAGE_STANDARD = "gnu++14";
				CLANG_CXX_LIBRARY = "libc++";
				CLANG_ENABLE_MODULES = YES;
				CLANG_ENABLE_OBJC_ARC = YES;
				CLANG_ENABLE_OBJC_WEAK = YES;
				CLANG_WARN_BLOCK_CAPTURE_AUTORELEASING = YES;
				CLANG_WARN_BOOL_CONVERSION = YES;
				CLANG_WARN_COMMA = YES;
				CLANG_WARN_CONSTANT_CONVERSION = YES;
				CLANG_WARN_DEPRECATED_OBJC_IMPLEMENTATIONS = YES;
				CLANG_WARN_DIRECT_OBJC_ISA_USAGE = YES_ERROR;
				CLANG_WARN_DOCUMENTATION_COMMENTS = YES;
				CLANG_WARN_EMPTY_BODY = YES;
				CLANG_WARN_ENUM_CONVERSION = YES;
				CLANG_WARN_INFINITE_RECURSION = YES;
				CLANG_WARN_INT_CONVERSION = YES;
				CLANG_WARN_NON_LITERAL_NULL_CONVERSION = YES;
				CLANG_WARN_OBJC_IMPLICIT_RETAIN_SELF = YES;
				CLANG_WARN_OBJC_LITERAL_CONVERSION = YES;
				CLANG_WARN_OBJC_ROOT_CLASS = YES_ERROR;
				CLANG_WARN_RANGE_LOOP_ANALYSIS = YES;
				CLANG_WARN_STRICT_PROTOTYPES = YES;
				CLANG_WARN_SUSPICIOUS_MOVE = YES;
				CLANG_WARN_UNGUARDED_AVAILABILITY = YES_AGGRESSIVE;
				CLANG_WARN_UNREACHABLE_CODE = YES;
				CLANG_WARN__DUPLICATE_METHOD_MATCH = YES;
				COPY_PHASE_STRIP = NO;
				DEBUG_INFORMATION_FORMAT = dwarf;
				ENABLE_STRICT_OBJC_MSGSEND = YES;
				ENABLE_TESTABILITY = YES;
				GCC_C_LANGUAGE_STANDARD = gnu11;
				GCC_DYNAMIC_NO_PIC = NO;
				GCC_NO_COMMON_BLOCKS = YES;
				GCC_OPTIMIZATION_LEVEL = 0;
				GCC_PREPROCESSOR_DEFINITIONS = (
					"DEBUG=1",
					"$(inherited)",
				);
				GCC_WARN_64_TO_32_BIT_CONVERSION = YES;
				GCC_WARN_ABOUT_RETURN_TYPE = YES_ERROR;
				GCC_WARN_UNDECLARED_SELECTOR = YES;
				GCC_WARN_UNINITIALIZED_AUTOS = YES_AGGRESSIVE;
				GCC_WARN_UNUSED_FUNCTION = YES;
				GCC_WARN_UNUSED_VARIABLE = YES;
				IPHONEOS_DEPLOYMENT_TARGET = 13.2;
				MTL_ENABLE_DEBUG_INFO = INCLUDE_SOURCE;
				MTL_FAST_MATH = YES;
				ONLY_ACTIVE_ARCH = YES;
				SDKROOT = iphoneos;
				SWIFT_ACTIVE_COMPILATION_CONDITIONS = DEBUG;
				SWIFT_OPTIMIZATION_LEVEL = "-Onone";
			};
			name = Debug;
		};
		83C3D85E2413117100E9DA6F /* Release */ = {
			isa = XCBuildConfiguration;
			buildSettings = {
				ALWAYS_SEARCH_USER_PATHS = NO;
				CLANG_ANALYZER_NONNULL = YES;
				CLANG_ANALYZER_NUMBER_OBJECT_CONVERSION = YES_AGGRESSIVE;
				CLANG_CXX_LANGUAGE_STANDARD = "gnu++14";
				CLANG_CXX_LIBRARY = "libc++";
				CLANG_ENABLE_MODULES = YES;
				CLANG_ENABLE_OBJC_ARC = YES;
				CLANG_ENABLE_OBJC_WEAK = YES;
				CLANG_WARN_BLOCK_CAPTURE_AUTORELEASING = YES;
				CLANG_WARN_BOOL_CONVERSION = YES;
				CLANG_WARN_COMMA = YES;
				CLANG_WARN_CONSTANT_CONVERSION = YES;
				CLANG_WARN_DEPRECATED_OBJC_IMPLEMENTATIONS = YES;
				CLANG_WARN_DIRECT_OBJC_ISA_USAGE = YES_ERROR;
				CLANG_WARN_DOCUMENTATION_COMMENTS = YES;
				CLANG_WARN_EMPTY_BODY = YES;
				CLANG_WARN_ENUM_CONVERSION = YES;
				CLANG_WARN_INFINITE_RECURSION = YES;
				CLANG_WARN_INT_CONVERSION = YES;
				CLANG_WARN_NON_LITERAL_NULL_CONVERSION = YES;
				CLANG_WARN_OBJC_IMPLICIT_RETAIN_SELF = YES;
				CLANG_WARN_OBJC_LITERAL_CONVERSION = YES;
				CLANG_WARN_OBJC_ROOT_CLASS = YES_ERROR;
				CLANG_WARN_RANGE_LOOP_ANALYSIS = YES;
				CLANG_WARN_STRICT_PROTOTYPES = YES;
				CLANG_WARN_SUSPICIOUS_MOVE = YES;
				CLANG_WARN_UNGUARDED_AVAILABILITY = YES_AGGRESSIVE;
				CLANG_WARN_UNREACHABLE_CODE = YES;
				CLANG_WARN__DUPLICATE_METHOD_MATCH = YES;
				COPY_PHASE_STRIP = NO;
				DEBUG_INFORMATION_FORMAT = "dwarf-with-dsym";
				ENABLE_NS_ASSERTIONS = NO;
				ENABLE_STRICT_OBJC_MSGSEND = YES;
				GCC_C_LANGUAGE_STANDARD = gnu11;
				GCC_NO_COMMON_BLOCKS = YES;
				GCC_WARN_64_TO_32_BIT_CONVERSION = YES;
				GCC_WARN_ABOUT_RETURN_TYPE = YES_ERROR;
				GCC_WARN_UNDECLARED_SELECTOR = YES;
				GCC_WARN_UNINITIALIZED_AUTOS = YES_AGGRESSIVE;
				GCC_WARN_UNUSED_FUNCTION = YES;
				GCC_WARN_UNUSED_VARIABLE = YES;
				IPHONEOS_DEPLOYMENT_TARGET = 13.2;
				MTL_ENABLE_DEBUG_INFO = NO;
				MTL_FAST_MATH = YES;
				SDKROOT = iphoneos;
				SWIFT_COMPILATION_MODE = wholemodule;
				SWIFT_OPTIMIZATION_LEVEL = "-O";
				VALIDATE_PRODUCT = YES;
			};
			name = Release;
		};
		83C3D8602413117100E9DA6F /* Debug */ = {
			isa = XCBuildConfiguration;
			buildSettings = {
				ASSETCATALOG_COMPILER_APPICON_NAME = AppIcon;
				CODE_SIGN_STYLE = Automatic;
				INFOPLIST_FILE = Task_Tracker/Info.plist;
				LD_RUNPATH_SEARCH_PATHS = (
					"$(inherited)",
					"@executable_path/Frameworks",
				);
				PRODUCT_BUNDLE_IDENTIFIER = "org.com.Task-Tracker";
				PRODUCT_NAME = "$(TARGET_NAME)";
				SWIFT_VERSION = 5.0;
				TARGETED_DEVICE_FAMILY = "1,2";
			};
			name = Debug;
		};
		83C3D8612413117100E9DA6F /* Release */ = {
			isa = XCBuildConfiguration;
			buildSettings = {
				ASSETCATALOG_COMPILER_APPICON_NAME = AppIcon;
				CODE_SIGN_STYLE = Automatic;
				INFOPLIST_FILE = Task_Tracker/Info.plist;
				LD_RUNPATH_SEARCH_PATHS = (
					"$(inherited)",
					"@executable_path/Frameworks",
				);
				PRODUCT_BUNDLE_IDENTIFIER = "org.com.Task-Tracker";
				PRODUCT_NAME = "$(TARGET_NAME)";
				SWIFT_VERSION = 5.0;
				TARGETED_DEVICE_FAMILY = "1,2";
			};
			name = Release;
		};
/* End XCBuildConfiguration section */

/* Begin XCConfigurationList section */
		83C3D8432413116F00E9DA6F /* Build configuration list for PBXProject "Task_Tracker" */ = {
			isa = XCConfigurationList;
			buildConfigurations = (
				83C3D85D2413117100E9DA6F /* Debug */,
				83C3D85E2413117100E9DA6F /* Release */,
			);
			defaultConfigurationIsVisible = 0;
			defaultConfigurationName = Release;
		};
		83C3D85F2413117100E9DA6F /* Build configuration list for PBXNativeTarget "Task_Tracker" */ = {
			isa = XCConfigurationList;
			buildConfigurations = (
				83C3D8602413117100E9DA6F /* Debug */,
				83C3D8612413117100E9DA6F /* Release */,
			);
			defaultConfigurationIsVisible = 0;
			defaultConfigurationName = Release;
		};
/* End XCConfigurationList section */

/* Begin XCVersionGroup section */
		83C3D8542413116F00E9DA6F /* Task_Tracker.xcdatamodeld */ = {
			isa = XCVersionGroup;
			children = (
				83C3D8552413116F00E9DA6F /* Task_Tracker.xcdatamodel */,
			);
			currentVersion = 83C3D8552413116F00E9DA6F /* Task_Tracker.xcdatamodel */;
			path = Task_Tracker.xcdatamodeld;
			sourceTree = "<group>";
			versionGroupType = wrapper.xcdatamodel;
		};
/* End XCVersionGroup section */
	};
	rootObject = 83C3D8402413116F00E9DA6F /* Project object */;
}
